
Microsoft Visual Studio Solution File, Format Version 12.00
# Visual Studio Version 17
VisualStudioVersion = 17.9.34701.34
MinimumVisualStudioVersion = 10.0.40219.1
Project("{FAE04EC0-301F-11D3-BF4B-00C04F79EFBC}") = "CodingTest", "CodingTest.csproj", "{7A7AD1C9-C059-4D02-99A9-00C93CC3AC04}"
EndProject
Global
	GlobalSection(SolutionConfigurationPlatforms) = preSolution
		Debug|Any CPU = Debug|Any CPU
		Release|Any CPU = Release|Any CPU
	EndGlobalSection
	GlobalSection(ProjectConfigurationPlatforms) = postSolution
		{7A7AD1C9-C059-4D02-99A9-00C93CC3AC04}.Debug|Any CPU.ActiveCfg = Debug|Any CPU
		{7A7AD1C9-C059-4D02-99A9-00C93CC3AC04}.Debug|Any CPU.Build.0 = Debug|Any CPU
		{7A7AD1C9-C059-4D02-99A9-00C93CC3AC04}.Release|Any CPU.ActiveCfg = Release|Any CPU
		{7A7AD1C9-C059-4D02-99A9-00C93CC3AC04}.Release|Any CPU.Build.0 = Release|Any CPU
	EndGlobalSection
	GlobalSection(SolutionProperties) = preSolution
		HideSolutionNode = FALSE
	EndGlobalSection
	GlobalSection(ExtensibilityGlobals) = postSolution
		SolutionGuid = {9A7468F1-A2DC-4092-A729-CCD97DAEBA94}
	EndGlobalSection
EndGlobal
